# This file is automatically @generated by Poetry 1.5.1 and should not be changed by hand.

[[package]]
name = "pygments"
version = "2.16.1"
description = "Pygments is a syntax highlighting package written in Python."
optional = false
python-versions = ">=3.7"
files = [
    {file = "Pygments-2.16.1-py3-none-any.whl", hash = "sha256:13fc09fa63bc8d8671a6d247e1eb303c4b343eaee81d861f3404db2935653692"},
    {file = "Pygments-2.16.1.tar.gz", hash = "sha256:1daff0494820c69bc8941e407aa20f577374ee88364ee10a98fdbe0aece96e29"},
]

[package.extras]
plugins = ["importlib-metadata"]

[metadata]
lock-version = "2.0"
python-versions = "^3.10"
content-hash = "ac67e2c140a63b6b22000b6b04844629e5fd37f5033999a53e9a37547cae1002"
